// !$*UTF8*$!
{
	archiveVersion = 1;
	classes = {
	};
	objectVersion = 56;
	objects = {

/* Begin PBXBuildFile section */
		7419EF0B2A30EC7700E544F1 /* Realm in Frameworks */ = {isa = PBXBuildFile; productRef = 7419EF0A2A30EC7700E544F1 /* Realm */; };
		7419EF0D2A30EC7700E544F1 /* RealmSwift in Frameworks */ = {isa = PBXBuildFile; productRef = 7419EF0C2A30EC7700E544F1 /* RealmSwift */; };
		745A23092A2EEAA100E88A0D /* AppDelegate.swift in Sources */ = {isa = PBXBuildFile; fileRef = 745A23082A2EEAA100E88A0D /* AppDelegate.swift */; };
		745A230B2A2EEAA100E88A0D /* SceneDelegate.swift in Sources */ = {isa = PBXBuildFile; fileRef = 745A230A2A2EEAA100E88A0D /* SceneDelegate.swift */; };
		745A23122A2EEAA300E88A0D /* Assets.xcassets in Resources */ = {isa = PBXBuildFile; fileRef = 745A23112A2EEAA300E88A0D /* Assets.xcassets */; };
		745A23152A2EEAA300E88A0D /* LaunchScreen.storyboard in Resources */ = {isa = PBXBuildFile; fileRef = 745A23132A2EEAA300E88A0D /* LaunchScreen.storyboard */; };
		7480550C2A32E7B100135C0F /* ViewController.swift in Sources */ = {isa = PBXBuildFile; fileRef = 7480550A2A32E7B100135C0F /* ViewController.swift */; };
		7480550D2A32E7B100135C0F /* ViewController.xib in Resources */ = {isa = PBXBuildFile; fileRef = 7480550B2A32E7B100135C0F /* ViewController.xib */; };
/* End PBXBuildFile section */

/* Begin PBXFileReference section */
		745A23052A2EEAA100E88A0D /* Accounting of car expenses.app */ = {isa = PBXFileReference; explicitFileType = wrapper.application; includeInIndex = 0; path = "Accounting of car expenses.app"; sourceTree = BUILT_PRODUCTS_DIR; };
		745A23082A2EEAA100E88A0D /* AppDelegate.swift */ = {isa = PBXFileReference; lastKnownFileType = sourcecode.swift; path = AppDelegate.swift; sourceTree = "<group>"; };
		745A230A2A2EEAA100E88A0D /* SceneDelegate.swift */ = {isa = PBXFileReference; lastKnownFileType = sourcecode.swift; path = SceneDelegate.swift; sourceTree = "<group>"; };
		745A23112A2EEAA300E88A0D /* Assets.xcassets */ = {isa = PBXFileReference; lastKnownFileType = folder.assetcatalog; path = Assets.xcassets; sourceTree = "<group>"; };
		745A23142A2EEAA300E88A0D /* Base */ = {isa = PBXFileReference; lastKnownFileType = file.storyboard; name = Base; path = Base.lproj/LaunchScreen.storyboard; sourceTree = "<group>"; };
		745A23162A2EEAA300E88A0D /* Info.plist */ = {isa = PBXFileReference; lastKnownFileType = text.plist.xml; path = Info.plist; sourceTree = "<group>"; };
		7480550A2A32E7B100135C0F /* ViewController.swift */ = {isa = PBXFileReference; lastKnownFileType = sourcecode.swift; path = ViewController.swift; sourceTree = "<group>"; };
		7480550B2A32E7B100135C0F /* ViewController.xib */ = {isa = PBXFileReference; lastKnownFileType = file.xib; path = ViewController.xib; sourceTree = "<group>"; };
/* End PBXFileReference section */

/* Begin PBXFrameworksBuildPhase section */
		745A23022A2EEAA100E88A0D /* Frameworks */ = {
			isa = PBXFrameworksBuildPhase;
			buildActionMask = 2147483647;
			files = (
				7419EF0D2A30EC7700E544F1 /* RealmSwift in Frameworks */,
				7419EF0B2A30EC7700E544F1 /* Realm in Frameworks */,
			);
			runOnlyForDeploymentPostprocessing = 0;
		};
/* End PBXFrameworksBuildPhase section */

/* Begin PBXGroup section */
		745A22FC2A2EEAA100E88A0D = {
			isa = PBXGroup;
			children = (
				745A23072A2EEAA100E88A0D /* Accounting of car expenses */,
				745A23062A2EEAA100E88A0D /* Products */,
			);
			sourceTree = "<group>";
		};
		745A23062A2EEAA100E88A0D /* Products */ = {
			isa = PBXGroup;
			children = (
				745A23052A2EEAA100E88A0D /* Accounting of car expenses.app */,
			);
			name = Products;
			sourceTree = "<group>";
		};
		745A23072A2EEAA100E88A0D /* Accounting of car expenses */ = {
			isa = PBXGroup;
			children = (
				745A231C2A2F1CA600E88A0D /* Application */,
				7480550A2A32E7B100135C0F /* ViewController.swift */,
				7480550B2A32E7B100135C0F /* ViewController.xib */,
				745A231D2A2F1CC200E88A0D /* SupportingFiles */,
			);
			path = "Accounting of car expenses";
			sourceTree = "<group>";
		};
		745A231C2A2F1CA600E88A0D /* Application */ = {
			isa = PBXGroup;
			children = (
				745A23082A2EEAA100E88A0D /* AppDelegate.swift */,
				745A230A2A2EEAA100E88A0D /* SceneDelegate.swift */,
			);
			path = Application;
			sourceTree = "<group>";
		};
		745A231D2A2F1CC200E88A0D /* SupportingFiles */ = {
			isa = PBXGroup;
			children = (
				745A23112A2EEAA300E88A0D /* Assets.xcassets */,
				745A23132A2EEAA300E88A0D /* LaunchScreen.storyboard */,
				745A23162A2EEAA300E88A0D /* Info.plist */,
			);
			path = SupportingFiles;
			sourceTree = "<group>";
		};
/* End PBXGroup section */

/* Begin PBXNativeTarget section */
		745A23042A2EEAA100E88A0D /* Accounting of car expenses */ = {
			isa = PBXNativeTarget;
			buildConfigurationList = 745A23192A2EEAA300E88A0D /* Build configuration list for PBXNativeTarget "Accounting of car expenses" */;
			buildPhases = (
				745A23012A2EEAA100E88A0D /* Sources */,
				745A23022A2EEAA100E88A0D /* Frameworks */,
				745A23032A2EEAA100E88A0D /* Resources */,
			);
			buildRules = (
			);
			dependencies = (
			);
			name = "Accounting of car expenses";
			packageProductDependencies = (
				7419EF0A2A30EC7700E544F1 /* Realm */,
				7419EF0C2A30EC7700E544F1 /* RealmSwift */,
			);
			productName = "Accounting of car expenses";
			productReference = 745A23052A2EEAA100E88A0D /* Accounting of car expenses.app */;
			productType = "com.apple.product-type.application";
		};
/* End PBXNativeTarget section */

/* Begin PBXProject section */
		745A22FD2A2EEAA100E88A0D /* Project object */ = {
			isa = PBXProject;
			attributes = {
				BuildIndependentTargetsInParallel = 1;
				LastSwiftUpdateCheck = 1430;
				LastUpgradeCheck = 1430;
				TargetAttributes = {
					745A23042A2EEAA100E88A0D = {
						CreatedOnToolsVersion = 14.3;
					};
				};
			};
			buildConfigurationList = 745A23002A2EEAA100E88A0D /* Build configuration list for PBXProject "Accounting of car expenses" */;
			compatibilityVersion = "Xcode 14.0";
			developmentRegion = en;
			hasScannedForEncodings = 0;
			knownRegions = (
				en,
				Base,
			);
			mainGroup = 745A22FC2A2EEAA100E88A0D;
			packageReferences = (
				7419EF092A30EC7700E544F1 /* XCRemoteSwiftPackageReference "realm-swift" */,
			);
			productRefGroup = 745A23062A2EEAA100E88A0D /* Products */;
			projectDirPath = "";
			projectRoot = "";
			targets = (
				745A23042A2EEAA100E88A0D /* Accounting of car expenses */,
			);
		};
/* End PBXProject section */

/* Begin PBXResourcesBuildPhase section */
		745A23032A2EEAA100E88A0D /* Resources */ = {
			isa = PBXResourcesBuildPhase;
			buildActionMask = 2147483647;
			files = (
				745A23152A2EEAA300E88A0D /* LaunchScreen.storyboard in Resources */,
				7480550D2A32E7B100135C0F /* ViewController.xib in Resources */,
				745A23122A2EEAA300E88A0D /* Assets.xcassets in Resources */,
			);
			runOnlyForDeploymentPostprocessing = 0;
		};
/* End PBXResourcesBuildPhase section */

/* Begin PBXSourcesBuildPhase section */
		745A23012A2EEAA100E88A0D /* Sources */ = {
			isa = PBXSourcesBuildPhase;
			buildActionMask = 2147483647;
			files = (
				7480550C2A32E7B100135C0F /* ViewController.swift in Sources */,
				745A23092A2EEAA100E88A0D /* AppDelegate.swift in Sources */,
				745A230B2A2EEAA100E88A0D /* SceneDelegate.swift in Sources */,
			);
			runOnlyForDeploymentPostprocessing = 0;
		};
/* End PBXSourcesBuildPhase section */

/* Begin PBXVariantGroup section */
		745A23132A2EEAA300E88A0D /* LaunchScreen.storyboard */ = {
			isa = PBXVariantGroup;
			children = (
				745A23142A2EEAA300E88A0D /* Base */,
			);
			name = LaunchScreen.storyboard;
			sourceTree = "<group>";
		};
/* End PBXVariantGroup section */

/* Begin XCBuildConfiguration section */
		745A23172A2EEAA300E88A0D /* Debug */ = {
			isa = XCBuildConfiguration;
			buildSettings = {
				ALWAYS_SEARCH_USER_PATHS = NO;
				CLANG_ANALYZER_NONNULL = YES;
				CLANG_ANALYZER_NUMBER_OBJECT_CONVERSION = YES_AGGRESSIVE;
				CLANG_CXX_LANGUAGE_STANDARD = "gnu++20";
				CLANG_ENABLE_MODULES = YES;
				CLANG_ENABLE_OBJC_ARC = YES;
				CLANG_ENABLE_OBJC_WEAK = YES;
				CLANG_WARN_BLOCK_CAPTURE_AUTORELEASING = YES;
				CLANG_WARN_BOOL_CONVERSION = YES;
				CLANG_WARN_COMMA = YES;
				CLANG_WARN_CONSTANT_CONVERSION = YES;
				CLANG_WARN_DEPRECATED_OBJC_IMPLEMENTATIONS = YES;
				CLANG_WARN_DIRECT_OBJC_ISA_USAGE = YES_ERROR;
				CLANG_WARN_DOCUMENTATION_COMMENTS = YES;
				CLANG_WARN_EMPTY_BODY = YES;
				CLANG_WARN_ENUM_CONVERSION = YES;
				CLANG_WARN_INFINITE_RECURSION = YES;
				CLANG_WARN_INT_CONVERSION = YES;
				CLANG_WARN_NON_LITERAL_NULL_CONVERSION = YES;
				CLANG_WARN_OBJC_IMPLICIT_RETAIN_SELF = YES;
				CLANG_WARN_OBJC_LITERAL_CONVERSION = YES;
				CLANG_WARN_OBJC_ROOT_CLASS = YES_ERROR;
				CLANG_WARN_QUOTED_INCLUDE_IN_FRAMEWORK_HEADER = YES;
				CLANG_WARN_RANGE_LOOP_ANALYSIS = YES;
				CLANG_WARN_STRICT_PROTOTYPES = YES;
				CLANG_WARN_SUSPICIOUS_MOVE = YES;
				CLANG_WARN_UNGUARDED_AVAILABILITY = YES_AGGRESSIVE;
				CLANG_WARN_UNREACHABLE_CODE = YES;
				CLANG_WARN__DUPLICATE_METHOD_MATCH = YES;
				COPY_PHASE_STRIP = NO;
				DEBUG_INFORMATION_FORMAT = dwarf;
				ENABLE_STRICT_OBJC_MSGSEND = YES;
				ENABLE_TESTABILITY = YES;
				GCC_C_LANGUAGE_STANDARD = gnu11;
				GCC_DYNAMIC_NO_PIC = NO;
				GCC_NO_COMMON_BLOCKS = YES;
				GCC_OPTIMIZATION_LEVEL = 0;
				GCC_PREPROCESSOR_DEFINITIONS = (
					"DEBUG=1",
					"$(inherited)",
				);
				GCC_WARN_64_TO_32_BIT_CONVERSION = YES;
				GCC_WARN_ABOUT_RETURN_TYPE = YES_ERROR;
				GCC_WARN_UNDECLARED_SELECTOR = YES;
				GCC_WARN_UNINITIALIZED_AUTOS = YES_AGGRESSIVE;
				GCC_WARN_UNUSED_FUNCTION = YES;
				GCC_WARN_UNUSED_VARIABLE = YES;
				IPHONEOS_DEPLOYMENT_TARGET = 16.4;
				MTL_ENABLE_DEBUG_INFO = INCLUDE_SOURCE;
				MTL_FAST_MATH = YES;
				ONLY_ACTIVE_ARCH = YES;
				SDKROOT = iphoneos;
				SWIFT_ACTIVE_COMPILATION_CONDITIONS = DEBUG;
				SWIFT_OPTIMIZATION_LEVEL = "-Onone";
			};
			name = Debug;
		};
		745A23182A2EEAA300E88A0D /* Release */ = {
			isa = XCBuildConfiguration;
			buildSettings = {
				ALWAYS_SEARCH_USER_PATHS = NO;
				CLANG_ANALYZER_NONNULL = YES;
				CLANG_ANALYZER_NUMBER_OBJECT_CONVERSION = YES_AGGRESSIVE;
				CLANG_CXX_LANGUAGE_STANDARD = "gnu++20";
				CLANG_ENABLE_MODULES = YES;
				CLANG_ENABLE_OBJC_ARC = YES;
				CLANG_ENABLE_OBJC_WEAK = YES;
				CLANG_WARN_BLOCK_CAPTURE_AUTORELEASING = YES;
				CLANG_WARN_BOOL_CONVERSION = YES;
				CLANG_WARN_COMMA = YES;
				CLANG_WARN_CONSTANT_CONVERSION = YES;
				CLANG_WARN_DEPRECATED_OBJC_IMPLEMENTATIONS = YES;
				CLANG_WARN_DIRECT_OBJC_ISA_USAGE = YES_ERROR;
				CLANG_WARN_DOCUMENTATION_COMMENTS = YES;
				CLANG_WARN_EMPTY_BODY = YES;
				CLANG_WARN_ENUM_CONVERSION = YES;
				CLANG_WARN_INFINITE_RECURSION = YES;
				CLANG_WARN_INT_CONVERSION = YES;
				CLANG_WARN_NON_LITERAL_NULL_CONVERSION = YES;
				CLANG_WARN_OBJC_IMPLICIT_RETAIN_SELF = YES;
				CLANG_WARN_OBJC_LITERAL_CONVERSION = YES;
				CLANG_WARN_OBJC_ROOT_CLASS = YES_ERROR;
				CLANG_WARN_QUOTED_INCLUDE_IN_FRAMEWORK_HEADER = YES;
				CLANG_WARN_RANGE_LOOP_ANALYSIS = YES;
				CLANG_WARN_STRICT_PROTOTYPES = YES;
				CLANG_WARN_SUSPICIOUS_MOVE = YES;
				CLANG_WARN_UNGUARDED_AVAILABILITY = YES_AGGRESSIVE;
				CLANG_WARN_UNREACHABLE_CODE = YES;
				CLANG_WARN__DUPLICATE_METHOD_MATCH = YES;
				COPY_PHASE_STRIP = NO;
				DEBUG_INFORMATION_FORMAT = "dwarf-with-dsym";
				ENABLE_NS_ASSERTIONS = NO;
				ENABLE_STRICT_OBJC_MSGSEND = YES;
				GCC_C_LANGUAGE_STANDARD = gnu11;
				GCC_NO_COMMON_BLOCKS = YES;
				GCC_WARN_64_TO_32_BIT_CONVERSION = YES;
				GCC_WARN_ABOUT_RETURN_TYPE = YES_ERROR;
				GCC_WARN_UNDECLARED_SELECTOR = YES;
				GCC_WARN_UNINITIALIZED_AUTOS = YES_AGGRESSIVE;
				GCC_WARN_UNUSED_FUNCTION = YES;
				GCC_WARN_UNUSED_VARIABLE = YES;
				IPHONEOS_DEPLOYMENT_TARGET = 16.4;
				MTL_ENABLE_DEBUG_INFO = NO;
				MTL_FAST_MATH = YES;
				SDKROOT = iphoneos;
				SWIFT_COMPILATION_MODE = wholemodule;
				SWIFT_OPTIMIZATION_LEVEL = "-O";
				VALIDATE_PRODUCT = YES;
			};
			name = Release;
		};
		745A231A2A2EEAA300E88A0D /* Debug */ = {
			isa = XCBuildConfiguration;
			buildSettings = {
				ASSETCATALOG_COMPILER_APPICON_NAME = AppIcon;
				ASSETCATALOG_COMPILER_GLOBAL_ACCENT_COLOR_NAME = AccentColor;
				CODE_SIGN_STYLE = Automatic;
				CURRENT_PROJECT_VERSION = 1;
				DEVELOPMENT_TEAM = HPU59MA6X6;
				GENERATE_INFOPLIST_FILE = YES;
				INFOPLIST_FILE = "Accounting of car expenses/SupportingFiles/Info.plist";
				INFOPLIST_KEY_UIApplicationSupportsIndirectInputEvents = YES;
				INFOPLIST_KEY_UILaunchStoryboardName = LaunchScreen;
				INFOPLIST_KEY_UISupportedInterfaceOrientations = UIInterfaceOrientationPortrait;
				INFOPLIST_KEY_UISupportedInterfaceOrientations_iPad = "UIInterfaceOrientationLandscapeLeft UIInterfaceOrientationLandscapeRight UIInterfaceOrientationPortrait UIInterfaceOrientationPortraitUpsideDown";
				LD_RUNPATH_SEARCH_PATHS = (
					"$(inherited)",
					"@executable_path/Frameworks",
				);
				MARKETING_VERSION = 1.0;
				PRODUCT_BUNDLE_IDENTIFIER = "Dmytro-Horodyskyi.Accounting-of-car-expenses";
				PRODUCT_NAME = "$(TARGET_NAME)";
				SUPPORTED_PLATFORMS = "iphoneos iphonesimulator";
				SUPPORTS_MACCATALYST = NO;
				SUPPORTS_MAC_DESIGNED_FOR_IPHONE_IPAD = NO;
				SWIFT_EMIT_LOC_STRINGS = YES;
				SWIFT_VERSION = 5.0;
				TARGETED_DEVICE_FAMILY = 1;
			};
			name = Debug;
		};
		745A231B2A2EEAA300E88A0D /* Release */ = {
			isa = XCBuildConfiguration;
			buildSettings = {
				ASSETCATALOG_COMPILER_APPICON_NAME = AppIcon;
				ASSETCATALOG_COMPILER_GLOBAL_ACCENT_COLOR_NAME = AccentColor;
				CODE_SIGN_STYLE = Automatic;
				CURRENT_PROJECT_VERSION = 1;
				DEVELOPMENT_TEAM = HPU59MA6X6;
				GENERATE_INFOPLIST_FILE = YES;
				INFOPLIST_FILE = "Accounting of car expenses/SupportingFiles/Info.plist";
				INFOPLIST_KEY_UIApplicationSupportsIndirectInputEvents = YES;
				INFOPLIST_KEY_UILaunchStoryboardName = LaunchScreen;
				INFOPLIST_KEY_UISupportedInterfaceOrientations = UIInterfaceOrientationPortrait;
				INFOPLIST_KEY_UISupportedInterfaceOrientations_iPad = "UIInterfaceOrientationLandscapeLeft UIInterfaceOrientationLandscapeRight UIInterfaceOrientationPortrait UIInterfaceOrientationPortraitUpsideDown";
				LD_RUNPATH_SEARCH_PATHS = (
					"$(inherited)",
					"@executable_path/Frameworks",
				);
				MARKETING_VERSION = 1.0;
				PRODUCT_BUNDLE_IDENTIFIER = "Dmytro-Horodyskyi.Accounting-of-car-expenses";
				PRODUCT_NAME = "$(TARGET_NAME)";
				SUPPORTED_PLATFORMS = "iphoneos iphonesimulator";
				SUPPORTS_MACCATALYST = NO;
				SUPPORTS_MAC_DESIGNED_FOR_IPHONE_IPAD = NO;
				SWIFT_EMIT_LOC_STRINGS = YES;
				SWIFT_VERSION = 5.0;
				TARGETED_DEVICE_FAMILY = 1;
			};
			name = Release;
		};
/* End XCBuildConfiguration section */

/* Begin XCConfigurationList section */
		745A23002A2EEAA100E88A0D /* Build configuration list for PBXProject "Accounting of car expenses" */ = {
			isa = XCConfigurationList;
			buildConfigurations = (
				745A23172A2EEAA300E88A0D /* Debug */,
				745A23182A2EEAA300E88A0D /* Release */,
			);
			defaultConfigurationIsVisible = 0;
			defaultConfigurationName = Release;
		};
		745A23192A2EEAA300E88A0D /* Build configuration list for PBXNativeTarget "Accounting of car expenses" */ = {
			isa = XCConfigurationList;
			buildConfigurations = (
				745A231A2A2EEAA300E88A0D /* Debug */,
				745A231B2A2EEAA300E88A0D /* Release */,
			);
			defaultConfigurationIsVisible = 0;
			defaultConfigurationName = Release;
		};
/* End XCConfigurationList section */

/* Begin XCRemoteSwiftPackageReference section */
		7419EF092A30EC7700E544F1 /* XCRemoteSwiftPackageReference "realm-swift" */ = {
			isa = XCRemoteSwiftPackageReference;
			repositoryURL = "https://github.com/realm/realm-swift.git";
			requirement = {
				branch = master;
				kind = branch;
			};
		};
/* End XCRemoteSwiftPackageReference section */

/* Begin XCSwiftPackageProductDependency section */
		7419EF0A2A30EC7700E544F1 /* Realm */ = {
			isa = XCSwiftPackageProductDependency;
			package = 7419EF092A30EC7700E544F1 /* XCRemoteSwiftPackageReference "realm-swift" */;
			productName = Realm;
		};
		7419EF0C2A30EC7700E544F1 /* RealmSwift */ = {
			isa = XCSwiftPackageProductDependency;
			package = 7419EF092A30EC7700E544F1 /* XCRemoteSwiftPackageReference "realm-swift" */;
			productName = RealmSwift;
		};
/* End XCSwiftPackageProductDependency section */
	};
	rootObject = 745A22FD2A2EEAA100E88A0D /* Project object */;
}
